
Microsoft Visual Studio Solution File, Format Version 12.00
# Visual Studio Version 17
VisualStudioVersion = 17.13.35806.99
MinimumVisualStudioVersion = 10.0.40219.1
Project("{FAE04EC0-301F-11D3-BF4B-00C04F79EFBC}") = "SuggestApi.Infrastructure", "SuggestApi.Infrastructure\SuggestApi.Infrastructure.csproj", "{4DAA5719-E4F8-4E46-8298-9FA395254E38}"
EndProject
Project("{FAE04EC0-301F-11D3-BF4B-00C04F79EFBC}") = "SuggestApi.Application", "SuggestApi.Application\SuggestApi.Application.csproj", "{121B5281-F791-4BC0-856D-A891E6BF96D9}"
EndProject
Project("{FAE04EC0-301F-11D3-BF4B-00C04F79EFBC}") = "SuggestApi.Domain", "SuggestApi.Domain\SuggestApi.Domain.csproj", "{727180B1-806B-47FF-89D6-00B36C040535}"
EndProject
Project("{FAE04EC0-301F-11D3-BF4B-00C04F79EFBC}") = "Proyecto.SharedLibrary", "..\Proyecto.SharedLibrarySolution\Proyecto.SharedLibrary\Proyecto.SharedLibrary.csproj", "{06A57DCD-FA38-2FD1-D68E-4015B8FC6B3B}"
EndProject
Project("{FAE04EC0-301F-11D3-BF4B-00C04F79EFBC}") = "SuggestApi.Presentation", "SuggestApi.Presentation\SuggestApi.Presentation.csproj", "{66591553-5FE7-490E-BF6A-BC4DD4D396CC}"
EndProject
Global
	GlobalSection(SolutionConfigurationPlatforms) = preSolution
		Debug|Any CPU = Debug|Any CPU
		Release|Any CPU = Release|Any CPU
	EndGlobalSection
	GlobalSection(ProjectConfigurationPlatforms) = postSolution
		{4DAA5719-E4F8-4E46-8298-9FA395254E38}.Debug|Any CPU.ActiveCfg = Debug|Any CPU
		{4DAA5719-E4F8-4E46-8298-9FA395254E38}.Debug|Any CPU.Build.0 = Debug|Any CPU
		{4DAA5719-E4F8-4E46-8298-9FA395254E38}.Release|Any CPU.ActiveCfg = Release|Any CPU
		{4DAA5719-E4F8-4E46-8298-9FA395254E38}.Release|Any CPU.Build.0 = Release|Any CPU
		{121B5281-F791-4BC0-856D-A891E6BF96D9}.Debug|Any CPU.ActiveCfg = Debug|Any CPU
		{121B5281-F791-4BC0-856D-A891E6BF96D9}.Debug|Any CPU.Build.0 = Debug|Any CPU
		{121B5281-F791-4BC0-856D-A891E6BF96D9}.Release|Any CPU.ActiveCfg = Release|Any CPU
		{121B5281-F791-4BC0-856D-A891E6BF96D9}.Release|Any CPU.Build.0 = Release|Any CPU
		{727180B1-806B-47FF-89D6-00B36C040535}.Debug|Any CPU.ActiveCfg = Debug|Any CPU
		{727180B1-806B-47FF-89D6-00B36C040535}.Debug|Any CPU.Build.0 = Debug|Any CPU
		{727180B1-806B-47FF-89D6-00B36C040535}.Release|Any CPU.ActiveCfg = Release|Any CPU
		{727180B1-806B-47FF-89D6-00B36C040535}.Release|Any CPU.Build.0 = Release|Any CPU
		{06A57DCD-FA38-2FD1-D68E-4015B8FC6B3B}.Debug|Any CPU.ActiveCfg = Debug|Any CPU
		{06A57DCD-FA38-2FD1-D68E-4015B8FC6B3B}.Debug|Any CPU.Build.0 = Debug|Any CPU
		{06A57DCD-FA38-2FD1-D68E-4015B8FC6B3B}.Release|Any CPU.ActiveCfg = Release|Any CPU
		{06A57DCD-FA38-2FD1-D68E-4015B8FC6B3B}.Release|Any CPU.Build.0 = Release|Any CPU
		{66591553-5FE7-490E-BF6A-BC4DD4D396CC}.Debug|Any CPU.ActiveCfg = Debug|Any CPU
		{66591553-5FE7-490E-BF6A-BC4DD4D396CC}.Debug|Any CPU.Build.0 = Debug|Any CPU
		{66591553-5FE7-490E-BF6A-BC4DD4D396CC}.Release|Any CPU.ActiveCfg = Release|Any CPU
		{66591553-5FE7-490E-BF6A-BC4DD4D396CC}.Release|Any CPU.Build.0 = Release|Any CPU
	EndGlobalSection
	GlobalSection(SolutionProperties) = preSolution
		HideSolutionNode = FALSE
	EndGlobalSection
	GlobalSection(ExtensibilityGlobals) = postSolution
		SolutionGuid = {6B32C85B-88B5-4D9C-BC7A-2F720B52B28D}
	EndGlobalSection
EndGlobal
